
Microsoft Visual Studio Solution File, Format Version 12.00
# Visual Studio Version 17
VisualStudioVersion = 17.3.32929.385
MinimumVisualStudioVersion = 10.0.40219.1
Project("{F184B08F-C81C-45F6-A57F-5ABD9991F28F}") = "Jewelry", "Jewlery\Jewelry.vbproj", "{4EDA569C-A416-4FCA-BA5D-65038861E8FA}"
EndProject
Global
	GlobalSection(SolutionConfigurationPlatforms) = preSolution
		Debug|Any CPU = Debug|Any CPU
		Release|Any CPU = Release|Any CPU
	EndGlobalSection
	GlobalSection(ProjectConfigurationPlatforms) = postSolution
		{4EDA569C-A416-4FCA-BA5D-65038861E8FA}.Debug|Any CPU.ActiveCfg = Debug|Any CPU
		{4EDA569C-A416-4FCA-BA5D-65038861E8FA}.Debug|Any CPU.Build.0 = Debug|Any CPU
		{4EDA569C-A416-4FCA-BA5D-65038861E8FA}.Release|Any CPU.ActiveCfg = Release|Any CPU
		{4EDA569C-A416-4FCA-BA5D-65038861E8FA}.Release|Any CPU.Build.0 = Release|Any CPU
	EndGlobalSection
	GlobalSection(SolutionProperties) = preSolution
		HideSolutionNode = FALSE
	EndGlobalSection
	GlobalSection(ExtensibilityGlobals) = postSolution
		SolutionGuid = {87018CF5-B22A-4909-8203-2B017B499235}
	EndGlobalSection
EndGlobal
